PODS:
  - SnapKit (5.0.1)
  - SwiftSoup (2.3.3)

DEPENDENCIES:
  - SnapKit
  - SwiftSoup

SPEC REPOS:
  trunk:
    - SnapKit
    - SwiftSoup

SPEC CHECKSUMS:
  SnapKit: 97b92857e3df3a0c71833cce143274bf6ef8e5eb
  SwiftSoup: 8e4844e785a975744f2c2606f8b3844ef67eb259

PODFILE CHECKSUM: eb6f22bb909c07496eebdc8ec3528ebc4ef090de

COCOAPODS: 1.11.0
