// !$*UTF8*$!
{
	archiveVersion = 1;
	classes = {
	};
	objectVersion = 50;
	objects = {

/* Begin PBXBuildFile section */
		10EB1F1E161CC229E11E37C0 /* libPods-HockeyApp.a in Frameworks */ = {isa = PBXBuildFile; fileRef = 0D27BC8E08430B65A5946F0F /* libPods-HockeyApp.a */; };
		8407A812276B0858000C3629 /* GameInfoRouter.swift in Sources */ = {isa = PBXBuildFile; fileRef = 8407A811276B0858000C3629 /* GameInfoRouter.swift */; };
		8451CEE12769B16D0003FCED /* GameInfoViewController.swift in Sources */ = {isa = PBXBuildFile; fileRef = 8451CEE02769B16D0003FCED /* GameInfoViewController.swift */; };
		8451CEE32769B1E30003FCED /* GameInfoPresenter.swift in Sources */ = {isa = PBXBuildFile; fileRef = 8451CEE22769B1E30003FCED /* GameInfoPresenter.swift */; };
		8451CEE52769B1F10003FCED /* GameInfoInteractor.swift in Sources */ = {isa = PBXBuildFile; fileRef = 8451CEE42769B1F10003FCED /* GameInfoInteractor.swift */; };
		8451CEE72769B2090003FCED /* GameInfoAssembly.swift in Sources */ = {isa = PBXBuildFile; fileRef = 8451CEE62769B2090003FCED /* GameInfoAssembly.swift */; };
		845538BD2776E0110085591F /* EventModel.swift in Sources */ = {isa = PBXBuildFile; fileRef = 845538BC2776E0110085591F /* EventModel.swift */; };
		846D7127278416A60073ABC9 /* TablesPresenter.swift in Sources */ = {isa = PBXBuildFile; fileRef = 846D7126278416A60073ABC9 /* TablesPresenter.swift */; };
		846D7129278418890073ABC9 /* TablesInteractor.swift in Sources */ = {isa = PBXBuildFile; fileRef = 846D7128278418890073ABC9 /* TablesInteractor.swift */; };
		846D712B278418DD0073ABC9 /* TablesRouter.swift in Sources */ = {isa = PBXBuildFile; fileRef = 846D712A278418DD0073ABC9 /* TablesRouter.swift */; };
		846D712D278419090073ABC9 /* TablesAssembly.swift in Sources */ = {isa = PBXBuildFile; fileRef = 846D712C278419090073ABC9 /* TablesAssembly.swift */; };
		846D712F278423850073ABC9 /* TeamStatsModel.swift in Sources */ = {isa = PBXBuildFile; fileRef = 846D712E278423850073ABC9 /* TeamStatsModel.swift */; };
		846EFF1B2755F2E20013B27C /* GamesPresenter.swift in Sources */ = {isa = PBXBuildFile; fileRef = 846EFF1A2755F2E20013B27C /* GamesPresenter.swift */; };
		846EFF1D2755F2F30013B27C /* GamesInteractor.swift in Sources */ = {isa = PBXBuildFile; fileRef = 846EFF1C2755F2F30013B27C /* GamesInteractor.swift */; };
		846EFF1F2755F3620013B27C /* GamesRouter.swift in Sources */ = {isa = PBXBuildFile; fileRef = 846EFF1E2755F3620013B27C /* GamesRouter.swift */; };
		846EFF212755F3710013B27C /* GamesAssembly.swift in Sources */ = {isa = PBXBuildFile; fileRef = 846EFF202755F3710013B27C /* GamesAssembly.swift */; };
		84736C572785678000C00C51 /* TablesCell.swift in Sources */ = {isa = PBXBuildFile; fileRef = 84736C562785678000C00C51 /* TablesCell.swift */; };
		84770F2027782BE2003449DD /* EventCell.swift in Sources */ = {isa = PBXBuildFile; fileRef = 84770F1F27782BE2003449DD /* EventCell.swift */; };
		848A05142794531F0017DED0 /* Texts.swift in Sources */ = {isa = PBXBuildFile; fileRef = 848A05132794531F0017DED0 /* Texts.swift */; };
		8499F8182795AA1D0017E7FD /* AlertController.swift in Sources */ = {isa = PBXBuildFile; fileRef = 8499F8172795AA1D0017E7FD /* AlertController.swift */; };
		84FC5F4D274F5E4200CC26FE /* NetworkManager.swift in Sources */ = {isa = PBXBuildFile; fileRef = 84FC5F4C274F5E4200CC26FE /* NetworkManager.swift */; };
		F53587872749FC0600499806 /* GameCell.swift in Sources */ = {isa = PBXBuildFile; fileRef = F53587862749FC0600499806 /* GameCell.swift */; };
		F547A7C82782B85C00D5B022 /* VisitorEventCell.swift in Sources */ = {isa = PBXBuildFile; fileRef = F547A7C72782B85C00D5B022 /* VisitorEventCell.swift */; };
		F547A7CE2782C18200D5B022 /* HomeEventCell.swift in Sources */ = {isa = PBXBuildFile; fileRef = F547A7CD2782C18200D5B022 /* HomeEventCell.swift */; };
		F562A77A275B7709001C7D1F /* PersonModel.swift in Sources */ = {isa = PBXBuildFile; fileRef = F562A776275B7709001C7D1F /* PersonModel.swift */; };
		F562A77B275B7709001C7D1F /* PlayerModel.swift in Sources */ = {isa = PBXBuildFile; fileRef = F562A777275B7709001C7D1F /* PlayerModel.swift */; };
		F562A77C275B7709001C7D1F /* GameModel.swift in Sources */ = {isa = PBXBuildFile; fileRef = F562A778275B7709001C7D1F /* GameModel.swift */; };
		F562A77D275B7709001C7D1F /* TeamModel.swift in Sources */ = {isa = PBXBuildFile; fileRef = F562A779275B7709001C7D1F /* TeamModel.swift */; };
		F57453A527491A460034C393 /* AppDelegate.swift in Sources */ = {isa = PBXBuildFile; fileRef = F57453A427491A460034C393 /* AppDelegate.swift */; };
		F57453AF27491A460034C393 /* HockeyApp.xcdatamodeld in Sources */ = {isa = PBXBuildFile; fileRef = F57453AD27491A460034C393 /* HockeyApp.xcdatamodeld */; };
		F57453B127491A4A0034C393 /* Assets.xcassets in Resources */ = {isa = PBXBuildFile; fileRef = F57453B027491A4A0034C393 /* Assets.xcassets */; };
		F57453B427491A4A0034C393 /* LaunchScreen.storyboard in Resources */ = {isa = PBXBuildFile; fileRef = F57453B227491A4A0034C393 /* LaunchScreen.storyboard */; };
		F57453C427492AD40034C393 /* TablesViewController.swift in Sources */ = {isa = PBXBuildFile; fileRef = F57453C327492AD40034C393 /* TablesViewController.swift */; };
		F57453C827492AF20034C393 /* GamesViewController.swift in Sources */ = {isa = PBXBuildFile; fileRef = F57453C727492AF20034C393 /* GamesViewController.swift */; };
		F57453D72749380C0034C393 /* TabBarController.swift in Sources */ = {isa = PBXBuildFile; fileRef = F57453D62749380C0034C393 /* TabBarController.swift */; };
/* End PBXBuildFile section */

/* Begin PBXFileReference section */
		0D27BC8E08430B65A5946F0F /* libPods-HockeyApp.a */ = {isa = PBXFileReference; explicitFileType = archive.ar; includeInIndex = 0; path = "libPods-HockeyApp.a"; sourceTree = BUILT_PRODUCTS_DIR; };
		8407A811276B0858000C3629 /* GameInfoRouter.swift */ = {isa = PBXFileReference; lastKnownFileType = sourcecode.swift; path = GameInfoRouter.swift; sourceTree = "<group>"; };
		8451CEE02769B16D0003FCED /* GameInfoViewController.swift */ = {isa = PBXFileReference; lastKnownFileType = sourcecode.swift; path = GameInfoViewController.swift; sourceTree = "<group>"; };
		8451CEE22769B1E30003FCED /* GameInfoPresenter.swift */ = {isa = PBXFileReference; lastKnownFileType = sourcecode.swift; path = GameInfoPresenter.swift; sourceTree = "<group>"; };
		8451CEE42769B1F10003FCED /* GameInfoInteractor.swift */ = {isa = PBXFileReference; lastKnownFileType = sourcecode.swift; path = GameInfoInteractor.swift; sourceTree = "<group>"; };
		8451CEE62769B2090003FCED /* GameInfoAssembly.swift */ = {isa = PBXFileReference; lastKnownFileType = sourcecode.swift; path = GameInfoAssembly.swift; sourceTree = "<group>"; };
		845538BC2776E0110085591F /* EventModel.swift */ = {isa = PBXFileReference; lastKnownFileType = sourcecode.swift; path = EventModel.swift; sourceTree = "<group>"; };
		846D7126278416A60073ABC9 /* TablesPresenter.swift */ = {isa = PBXFileReference; lastKnownFileType = sourcecode.swift; path = TablesPresenter.swift; sourceTree = "<group>"; };
		846D7128278418890073ABC9 /* TablesInteractor.swift */ = {isa = PBXFileReference; lastKnownFileType = sourcecode.swift; path = TablesInteractor.swift; sourceTree = "<group>"; };
		846D712A278418DD0073ABC9 /* TablesRouter.swift */ = {isa = PBXFileReference; lastKnownFileType = sourcecode.swift; path = TablesRouter.swift; sourceTree = "<group>"; };
		846D712C278419090073ABC9 /* TablesAssembly.swift */ = {isa = PBXFileReference; lastKnownFileType = sourcecode.swift; path = TablesAssembly.swift; sourceTree = "<group>"; };
		846D712E278423850073ABC9 /* TeamStatsModel.swift */ = {isa = PBXFileReference; lastKnownFileType = sourcecode.swift; path = TeamStatsModel.swift; sourceTree = "<group>"; };
		846EFF1A2755F2E20013B27C /* GamesPresenter.swift */ = {isa = PBXFileReference; lastKnownFileType = sourcecode.swift; path = GamesPresenter.swift; sourceTree = "<group>"; };
		846EFF1C2755F2F30013B27C /* GamesInteractor.swift */ = {isa = PBXFileReference; lastKnownFileType = sourcecode.swift; path = GamesInteractor.swift; sourceTree = "<group>"; };
		846EFF1E2755F3620013B27C /* GamesRouter.swift */ = {isa = PBXFileReference; lastKnownFileType = sourcecode.swift; path = GamesRouter.swift; sourceTree = "<group>"; };
		846EFF202755F3710013B27C /* GamesAssembly.swift */ = {isa = PBXFileReference; lastKnownFileType = sourcecode.swift; path = GamesAssembly.swift; sourceTree = "<group>"; };
		84736C562785678000C00C51 /* TablesCell.swift */ = {isa = PBXFileReference; lastKnownFileType = sourcecode.swift; path = TablesCell.swift; sourceTree = "<group>"; };
		84770F1F27782BE2003449DD /* EventCell.swift */ = {isa = PBXFileReference; lastKnownFileType = sourcecode.swift; path = EventCell.swift; sourceTree = "<group>"; };
		848A05132794531F0017DED0 /* Texts.swift */ = {isa = PBXFileReference; lastKnownFileType = sourcecode.swift; path = Texts.swift; sourceTree = "<group>"; };
		8499F8172795AA1D0017E7FD /* AlertController.swift */ = {isa = PBXFileReference; lastKnownFileType = sourcecode.swift; path = AlertController.swift; sourceTree = "<group>"; };
		84FC5F4C274F5E4200CC26FE /* NetworkManager.swift */ = {isa = PBXFileReference; lastKnownFileType = sourcecode.swift; path = NetworkManager.swift; sourceTree = "<group>"; };
		CED57A8835E768C0660C961F /* Pods-HockeyApp.debug.xcconfig */ = {isa = PBXFileReference; includeInIndex = 1; lastKnownFileType = text.xcconfig; name = "Pods-HockeyApp.debug.xcconfig"; path = "Target Support Files/Pods-HockeyApp/Pods-HockeyApp.debug.xcconfig"; sourceTree = "<group>"; };
		F518DD2D0851C812D49D3FE6 /* Pods-HockeyApp.release.xcconfig */ = {isa = PBXFileReference; includeInIndex = 1; lastKnownFileType = text.xcconfig; name = "Pods-HockeyApp.release.xcconfig"; path = "Target Support Files/Pods-HockeyApp/Pods-HockeyApp.release.xcconfig"; sourceTree = "<group>"; };
		F53587862749FC0600499806 /* GameCell.swift */ = {isa = PBXFileReference; lastKnownFileType = sourcecode.swift; path = GameCell.swift; sourceTree = "<group>"; };
		F547A7C72782B85C00D5B022 /* VisitorEventCell.swift */ = {isa = PBXFileReference; lastKnownFileType = sourcecode.swift; path = VisitorEventCell.swift; sourceTree = "<group>"; };
		F547A7CD2782C18200D5B022 /* HomeEventCell.swift */ = {isa = PBXFileReference; lastKnownFileType = sourcecode.swift; path = HomeEventCell.swift; sourceTree = "<group>"; };
		F562A776275B7709001C7D1F /* PersonModel.swift */ = {isa = PBXFileReference; fileEncoding = 4; lastKnownFileType = sourcecode.swift; path = PersonModel.swift; sourceTree = "<group>"; };
		F562A777275B7709001C7D1F /* PlayerModel.swift */ = {isa = PBXFileReference; fileEncoding = 4; lastKnownFileType = sourcecode.swift; path = PlayerModel.swift; sourceTree = "<group>"; };
		F562A778275B7709001C7D1F /* GameModel.swift */ = {isa = PBXFileReference; fileEncoding = 4; lastKnownFileType = sourcecode.swift; path = GameModel.swift; sourceTree = "<group>"; };
		F562A779275B7709001C7D1F /* TeamModel.swift */ = {isa = PBXFileReference; fileEncoding = 4; lastKnownFileType = sourcecode.swift; path = TeamModel.swift; sourceTree = "<group>"; };
		F57453A127491A460034C393 /* HockeyApp.app */ = {isa = PBXFileReference; explicitFileType = wrapper.application; includeInIndex = 0; path = HockeyApp.app; sourceTree = BUILT_PRODUCTS_DIR; };
		F57453A427491A460034C393 /* AppDelegate.swift */ = {isa = PBXFileReference; lastKnownFileType = sourcecode.swift; path = AppDelegate.swift; sourceTree = "<group>"; };
		F57453AE27491A460034C393 /* HockeyApp.xcdatamodel */ = {isa = PBXFileReference; lastKnownFileType = wrapper.xcdatamodel; path = HockeyApp.xcdatamodel; sourceTree = "<group>"; };
		F57453B027491A4A0034C393 /* Assets.xcassets */ = {isa = PBXFileReference; lastKnownFileType = folder.assetcatalog; path = Assets.xcassets; sourceTree = "<group>"; };
		F57453B327491A4A0034C393 /* Base */ = {isa = PBXFileReference; lastKnownFileType = file.storyboard; name = Base; path = Base.lproj/LaunchScreen.storyboard; sourceTree = "<group>"; };
		F57453B527491A4A0034C393 /* Info.plist */ = {isa = PBXFileReference; lastKnownFileType = text.plist.xml; path = Info.plist; sourceTree = "<group>"; };
		F57453C327492AD40034C393 /* TablesViewController.swift */ = {isa = PBXFileReference; lastKnownFileType = sourcecode.swift; path = TablesViewController.swift; sourceTree = "<group>"; };
		F57453C727492AF20034C393 /* GamesViewController.swift */ = {isa = PBXFileReference; lastKnownFileType = sourcecode.swift; path = GamesViewController.swift; sourceTree = "<group>"; };
		F57453D62749380C0034C393 /* TabBarController.swift */ = {isa = PBXFileReference; lastKnownFileType = sourcecode.swift; path = TabBarController.swift; sourceTree = "<group>"; };
/* End PBXFileReference section */

/* Begin PBXFrameworksBuildPhase section */
		F574539E27491A460034C393 /* Frameworks */ = {
			isa = PBXFrameworksBuildPhase;
			buildActionMask = 2147483647;
			files = (
				10EB1F1E161CC229E11E37C0 /* libPods-HockeyApp.a in Frameworks */,
			);
			runOnlyForDeploymentPostprocessing = 0;
		};
/* End PBXFrameworksBuildPhase section */

/* Begin PBXGroup section */
		7C291B997385EEFE25DC1B25 /* Pods */ = {
			isa = PBXGroup;
			children = (
				CED57A8835E768C0660C961F /* Pods-HockeyApp.debug.xcconfig */,
				F518DD2D0851C812D49D3FE6 /* Pods-HockeyApp.release.xcconfig */,
			);
			path = Pods;
			sourceTree = "<group>";
		};
		81DF8EE1CB658F7434526622 /* Frameworks */ = {
			isa = PBXGroup;
			children = (
				0D27BC8E08430B65A5946F0F /* libPods-HockeyApp.a */,
			);
			name = Frameworks;
			sourceTree = "<group>";
		};
		8451CEDF2769B10D0003FCED /* GameInfoScreen */ = {
			isa = PBXGroup;
			children = (
				8451CEE02769B16D0003FCED /* GameInfoViewController.swift */,
				84770F1F27782BE2003449DD /* EventCell.swift */,
				8451CEE22769B1E30003FCED /* GameInfoPresenter.swift */,
				8407A811276B0858000C3629 /* GameInfoRouter.swift */,
				8451CEE42769B1F10003FCED /* GameInfoInteractor.swift */,
				8451CEE62769B2090003FCED /* GameInfoAssembly.swift */,
				F547A7C72782B85C00D5B022 /* VisitorEventCell.swift */,
				F547A7CD2782C18200D5B022 /* HomeEventCell.swift */,
			);
			path = GameInfoScreen;
			sourceTree = "<group>";
		};
		8499F8162795A9D70017E7FD /* Other */ = {
			isa = PBXGroup;
			children = (
				848A05132794531F0017DED0 /* Texts.swift */,
				8499F8172795AA1D0017E7FD /* AlertController.swift */,
			);
			path = Other;
			sourceTree = "<group>";
		};
		84FC5F4A274F5E1D00CC26FE /* Services */ = {
			isa = PBXGroup;
			children = (
				84FC5F4C274F5E4200CC26FE /* NetworkManager.swift */,
			);
			path = Services;
			sourceTree = "<group>";
		};
		F562A775275B7709001C7D1F /* Entities */ = {
			isa = PBXGroup;
			children = (
				F562A776275B7709001C7D1F /* PersonModel.swift */,
				F562A777275B7709001C7D1F /* PlayerModel.swift */,
				F562A778275B7709001C7D1F /* GameModel.swift */,
				F562A779275B7709001C7D1F /* TeamModel.swift */,
				845538BC2776E0110085591F /* EventModel.swift */,
				846D712E278423850073ABC9 /* TeamStatsModel.swift */,
			);
			path = Entities;
			sourceTree = "<group>";
		};
		F574539827491A460034C393 = {
			isa = PBXGroup;
			children = (
				F57453A327491A460034C393 /* HockeyApp */,
				F57453A227491A460034C393 /* Products */,
				7C291B997385EEFE25DC1B25 /* Pods */,
				81DF8EE1CB658F7434526622 /* Frameworks */,
			);
			sourceTree = "<group>";
		};
		F57453A227491A460034C393 /* Products */ = {
			isa = PBXGroup;
			children = (
				F57453A127491A460034C393 /* HockeyApp.app */,
			);
			name = Products;
			sourceTree = "<group>";
		};
		F57453A327491A460034C393 /* HockeyApp */ = {
			isa = PBXGroup;
			children = (
				8499F8162795A9D70017E7FD /* Other */,
				8451CEDF2769B10D0003FCED /* GameInfoScreen */,
				F562A775275B7709001C7D1F /* Entities */,
				84FC5F4A274F5E1D00CC26FE /* Services */,
				F57453C227492A970034C393 /* TablesScreen */,
				F57453C127492A830034C393 /* GamesListScreen */,
				F57453A427491A460034C393 /* AppDelegate.swift */,
				F57453D62749380C0034C393 /* TabBarController.swift */,
				F57453B027491A4A0034C393 /* Assets.xcassets */,
				F57453B227491A4A0034C393 /* LaunchScreen.storyboard */,
				F57453B527491A4A0034C393 /* Info.plist */,
				F57453AD27491A460034C393 /* HockeyApp.xcdatamodeld */,
			);
			path = HockeyApp;
			sourceTree = "<group>";
		};
		F57453C127492A830034C393 /* GamesListScreen */ = {
			isa = PBXGroup;
			children = (
				F57453C727492AF20034C393 /* GamesViewController.swift */,
				846EFF1C2755F2F30013B27C /* GamesInteractor.swift */,
				F53587862749FC0600499806 /* GameCell.swift */,
				846EFF1A2755F2E20013B27C /* GamesPresenter.swift */,
				846EFF1E2755F3620013B27C /* GamesRouter.swift */,
				846EFF202755F3710013B27C /* GamesAssembly.swift */,
			);
			path = GamesListScreen;
			sourceTree = "<group>";
		};
		F57453C227492A970034C393 /* TablesScreen */ = {
			isa = PBXGroup;
			children = (
				F57453C327492AD40034C393 /* TablesViewController.swift */,
				84736C562785678000C00C51 /* TablesCell.swift */,
				846D7126278416A60073ABC9 /* TablesPresenter.swift */,
				846D7128278418890073ABC9 /* TablesInteractor.swift */,
				846D712C278419090073ABC9 /* TablesAssembly.swift */,
				846D712A278418DD0073ABC9 /* TablesRouter.swift */,
			);
			path = TablesScreen;
			sourceTree = "<group>";
		};
/* End PBXGroup section */

/* Begin PBXNativeTarget section */
		F57453A027491A460034C393 /* HockeyApp */ = {
			isa = PBXNativeTarget;
			buildConfigurationList = F57453B827491A4A0034C393 /* Build configuration list for PBXNativeTarget "HockeyApp" */;
			buildPhases = (
				52DA4E8A8E7B3F712325C3CA /* [CP] Check Pods Manifest.lock */,
				F574539D27491A460034C393 /* Sources */,
				F574539E27491A460034C393 /* Frameworks */,
				F574539F27491A460034C393 /* Resources */,
			);
			buildRules = (
			);
			dependencies = (
			);
			name = HockeyApp;
			productName = HockeyApp;
			productReference = F57453A127491A460034C393 /* HockeyApp.app */;
			productType = "com.apple.product-type.application";
		};
/* End PBXNativeTarget section */

/* Begin PBXProject section */
		F574539927491A460034C393 /* Project object */ = {
			isa = PBXProject;
			attributes = {
				LastSwiftUpdateCheck = 1230;
				LastUpgradeCheck = 1230;
				TargetAttributes = {
					F57453A027491A460034C393 = {
						CreatedOnToolsVersion = 12.3;
					};
				};
			};
			buildConfigurationList = F574539C27491A460034C393 /* Build configuration list for PBXProject "HockeyApp" */;
			compatibilityVersion = "Xcode 9.3";
			developmentRegion = en;
			hasScannedForEncodings = 0;
			knownRegions = (
				en,
				Base,
			);
			mainGroup = F574539827491A460034C393;
			productRefGroup = F57453A227491A460034C393 /* Products */;
			projectDirPath = "";
			projectRoot = "";
			targets = (
				F57453A027491A460034C393 /* HockeyApp */,
			);
		};
/* End PBXProject section */

/* Begin PBXResourcesBuildPhase section */
		F574539F27491A460034C393 /* Resources */ = {
			isa = PBXResourcesBuildPhase;
			buildActionMask = 2147483647;
			files = (
				F57453B427491A4A0034C393 /* LaunchScreen.storyboard in Resources */,
				F57453B127491A4A0034C393 /* Assets.xcassets in Resources */,
			);
			runOnlyForDeploymentPostprocessing = 0;
		};
/* End PBXResourcesBuildPhase section */

/* Begin PBXShellScriptBuildPhase section */
		52DA4E8A8E7B3F712325C3CA /* [CP] Check Pods Manifest.lock */ = {
			isa = PBXShellScriptBuildPhase;
			buildActionMask = 2147483647;
			files = (
			);
			inputFileListPaths = (
			);
			inputPaths = (
				"${PODS_PODFILE_DIR_PATH}/Podfile.lock",
				"${PODS_ROOT}/Manifest.lock",
			);
			name = "[CP] Check Pods Manifest.lock";
			outputFileListPaths = (
			);
			outputPaths = (
				"$(DERIVED_FILE_DIR)/Pods-HockeyApp-checkManifestLockResult.txt",
			);
			runOnlyForDeploymentPostprocessing = 0;
			shellPath = /bin/sh;
			shellScript = "diff \"${PODS_PODFILE_DIR_PATH}/Podfile.lock\" \"${PODS_ROOT}/Manifest.lock\" > /dev/null\nif [ $? != 0 ] ; then\n    # print error to STDERR\n    echo \"error: The sandbox is not in sync with the Podfile.lock. Run 'pod install' or update your CocoaPods installation.\" >&2\n    exit 1\nfi\n# This output is used by Xcode 'outputs' to avoid re-running this script phase.\necho \"SUCCESS\" > \"${SCRIPT_OUTPUT_FILE_0}\"\n";
			showEnvVarsInLog = 0;
		};
/* End PBXShellScriptBuildPhase section */

/* Begin PBXSourcesBuildPhase section */
		F574539D27491A460034C393 /* Sources */ = {
			isa = PBXSourcesBuildPhase;
			buildActionMask = 2147483647;
			files = (
				846D712F278423850073ABC9 /* TeamStatsModel.swift in Sources */,
				F562A77A275B7709001C7D1F /* PersonModel.swift in Sources */,
				846D7129278418890073ABC9 /* TablesInteractor.swift in Sources */,
				846EFF1B2755F2E20013B27C /* GamesPresenter.swift in Sources */,
				84736C572785678000C00C51 /* TablesCell.swift in Sources */,
				F57453A527491A460034C393 /* AppDelegate.swift in Sources */,
				F547A7CE2782C18200D5B022 /* HomeEventCell.swift in Sources */,
				F562A77B275B7709001C7D1F /* PlayerModel.swift in Sources */,
				848A05142794531F0017DED0 /* Texts.swift in Sources */,
				845538BD2776E0110085591F /* EventModel.swift in Sources */,
				8451CEE32769B1E30003FCED /* GameInfoPresenter.swift in Sources */,
				84770F2027782BE2003449DD /* EventCell.swift in Sources */,
				8499F8182795AA1D0017E7FD /* AlertController.swift in Sources */,
				F57453AF27491A460034C393 /* HockeyApp.xcdatamodeld in Sources */,
				F562A77C275B7709001C7D1F /* GameModel.swift in Sources */,
				846EFF212755F3710013B27C /* GamesAssembly.swift in Sources */,
				F57453C427492AD40034C393 /* TablesViewController.swift in Sources */,
				8451CEE72769B2090003FCED /* GameInfoAssembly.swift in Sources */,
				84FC5F4D274F5E4200CC26FE /* NetworkManager.swift in Sources */,
				F57453D72749380C0034C393 /* TabBarController.swift in Sources */,
				F57453C827492AF20034C393 /* GamesViewController.swift in Sources */,
				F562A77D275B7709001C7D1F /* TeamModel.swift in Sources */,
				F547A7C82782B85C00D5B022 /* VisitorEventCell.swift in Sources */,
				8451CEE12769B16D0003FCED /* GameInfoViewController.swift in Sources */,
				846EFF1D2755F2F30013B27C /* GamesInteractor.swift in Sources */,
				846EFF1F2755F3620013B27C /* GamesRouter.swift in Sources */,
				846D712D278419090073ABC9 /* TablesAssembly.swift in Sources */,
				846D712B278418DD0073ABC9 /* TablesRouter.swift in Sources */,
				846D7127278416A60073ABC9 /* TablesPresenter.swift in Sources */,
				8451CEE52769B1F10003FCED /* GameInfoInteractor.swift in Sources */,
				8407A812276B0858000C3629 /* GameInfoRouter.swift in Sources */,
				F53587872749FC0600499806 /* GameCell.swift in Sources */,
			);
			runOnlyForDeploymentPostprocessing = 0;
		};
/* End PBXSourcesBuildPhase section */

/* Begin PBXVariantGroup section */
		F57453B227491A4A0034C393 /* LaunchScreen.storyboard */ = {
			isa = PBXVariantGroup;
			children = (
				F57453B327491A4A0034C393 /* Base */,
			);
			name = LaunchScreen.storyboard;
			sourceTree = "<group>";
		};
/* End PBXVariantGroup section */

/* Begin XCBuildConfiguration section */
		F57453B627491A4A0034C393 /* Debug */ = {
			isa = XCBuildConfiguration;
			buildSettings = {
				ALWAYS_SEARCH_USER_PATHS = NO;
				CLANG_ANALYZER_NONNULL = YES;
				CLANG_ANALYZER_NUMBER_OBJECT_CONVERSION = YES_AGGRESSIVE;
				CLANG_CXX_LANGUAGE_STANDARD = "gnu++14";
				CLANG_CXX_LIBRARY = "libc++";
				CLANG_ENABLE_MODULES = YES;
				CLANG_ENABLE_OBJC_ARC = YES;
				CLANG_ENABLE_OBJC_WEAK = YES;
				CLANG_WARN_BLOCK_CAPTURE_AUTORELEASING = YES;
				CLANG_WARN_BOOL_CONVERSION = YES;
				CLANG_WARN_COMMA = YES;
				CLANG_WARN_CONSTANT_CONVERSION = YES;
				CLANG_WARN_DEPRECATED_OBJC_IMPLEMENTATIONS = YES;
				CLANG_WARN_DIRECT_OBJC_ISA_USAGE = YES_ERROR;
				CLANG_WARN_DOCUMENTATION_COMMENTS = YES;
				CLANG_WARN_EMPTY_BODY = YES;
				CLANG_WARN_ENUM_CONVERSION = YES;
				CLANG_WARN_INFINITE_RECURSION = YES;
				CLANG_WARN_INT_CONVERSION = YES;
				CLANG_WARN_NON_LITERAL_NULL_CONVERSION = YES;
				CLANG_WARN_OBJC_IMPLICIT_RETAIN_SELF = YES;
				CLANG_WARN_OBJC_LITERAL_CONVERSION = YES;
				CLANG_WARN_OBJC_ROOT_CLASS = YES_ERROR;
				CLANG_WARN_QUOTED_INCLUDE_IN_FRAMEWORK_HEADER = YES;
				CLANG_WARN_RANGE_LOOP_ANALYSIS = YES;
				CLANG_WARN_STRICT_PROTOTYPES = YES;
				CLANG_WARN_SUSPICIOUS_MOVE = YES;
				CLANG_WARN_UNGUARDED_AVAILABILITY = YES_AGGRESSIVE;
				CLANG_WARN_UNREACHABLE_CODE = YES;
				CLANG_WARN__DUPLICATE_METHOD_MATCH = YES;
				COPY_PHASE_STRIP = NO;
				DEBUG_INFORMATION_FORMAT = dwarf;
				ENABLE_STRICT_OBJC_MSGSEND = YES;
				ENABLE_TESTABILITY = YES;
				GCC_C_LANGUAGE_STANDARD = gnu11;
				GCC_DYNAMIC_NO_PIC = NO;
				GCC_NO_COMMON_BLOCKS = YES;
				GCC_OPTIMIZATION_LEVEL = 0;
				GCC_PREPROCESSOR_DEFINITIONS = (
					"DEBUG=1",
					"$(inherited)",
				);
				GCC_WARN_64_TO_32_BIT_CONVERSION = YES;
				GCC_WARN_ABOUT_RETURN_TYPE = YES_ERROR;
				GCC_WARN_UNDECLARED_SELECTOR = YES;
				GCC_WARN_UNINITIALIZED_AUTOS = YES_AGGRESSIVE;
				GCC_WARN_UNUSED_FUNCTION = YES;
				GCC_WARN_UNUSED_VARIABLE = YES;
				IPHONEOS_DEPLOYMENT_TARGET = 14.3;
				MTL_ENABLE_DEBUG_INFO = INCLUDE_SOURCE;
				MTL_FAST_MATH = YES;
				ONLY_ACTIVE_ARCH = YES;
				SDKROOT = iphoneos;
				SWIFT_ACTIVE_COMPILATION_CONDITIONS = DEBUG;
				SWIFT_OPTIMIZATION_LEVEL = "-Onone";
			};
			name = Debug;
		};
		F57453B727491A4A0034C393 /* Release */ = {
			isa = XCBuildConfiguration;
			buildSettings = {
				ALWAYS_SEARCH_USER_PATHS = NO;
				CLANG_ANALYZER_NONNULL = YES;
				CLANG_ANALYZER_NUMBER_OBJECT_CONVERSION = YES_AGGRESSIVE;
				CLANG_CXX_LANGUAGE_STANDARD = "gnu++14";
				CLANG_CXX_LIBRARY = "libc++";
				CLANG_ENABLE_MODULES = YES;
				CLANG_ENABLE_OBJC_ARC = YES;
				CLANG_ENABLE_OBJC_WEAK = YES;
				CLANG_WARN_BLOCK_CAPTURE_AUTORELEASING = YES;
				CLANG_WARN_BOOL_CONVERSION = YES;
				CLANG_WARN_COMMA = YES;
				CLANG_WARN_CONSTANT_CONVERSION = YES;
				CLANG_WARN_DEPRECATED_OBJC_IMPLEMENTATIONS = YES;
				CLANG_WARN_DIRECT_OBJC_ISA_USAGE = YES_ERROR;
				CLANG_WARN_DOCUMENTATION_COMMENTS = YES;
				CLANG_WARN_EMPTY_BODY = YES;
				CLANG_WARN_ENUM_CONVERSION = YES;
				CLANG_WARN_INFINITE_RECURSION = YES;
				CLANG_WARN_INT_CONVERSION = YES;
				CLANG_WARN_NON_LITERAL_NULL_CONVERSION = YES;
				CLANG_WARN_OBJC_IMPLICIT_RETAIN_SELF = YES;
				CLANG_WARN_OBJC_LITERAL_CONVERSION = YES;
				CLANG_WARN_OBJC_ROOT_CLASS = YES_ERROR;
				CLANG_WARN_QUOTED_INCLUDE_IN_FRAMEWORK_HEADER = YES;
				CLANG_WARN_RANGE_LOOP_ANALYSIS = YES;
				CLANG_WARN_STRICT_PROTOTYPES = YES;
				CLANG_WARN_SUSPICIOUS_MOVE = YES;
				CLANG_WARN_UNGUARDED_AVAILABILITY = YES_AGGRESSIVE;
				CLANG_WARN_UNREACHABLE_CODE = YES;
				CLANG_WARN__DUPLICATE_METHOD_MATCH = YES;
				COPY_PHASE_STRIP = NO;
				DEBUG_INFORMATION_FORMAT = "dwarf-with-dsym";
				ENABLE_NS_ASSERTIONS = NO;
				ENABLE_STRICT_OBJC_MSGSEND = YES;
				GCC_C_LANGUAGE_STANDARD = gnu11;
				GCC_NO_COMMON_BLOCKS = YES;
				GCC_WARN_64_TO_32_BIT_CONVERSION = YES;
				GCC_WARN_ABOUT_RETURN_TYPE = YES_ERROR;
				GCC_WARN_UNDECLARED_SELECTOR = YES;
				GCC_WARN_UNINITIALIZED_AUTOS = YES_AGGRESSIVE;
				GCC_WARN_UNUSED_FUNCTION = YES;
				GCC_WARN_UNUSED_VARIABLE = YES;
				IPHONEOS_DEPLOYMENT_TARGET = 14.3;
				MTL_ENABLE_DEBUG_INFO = NO;
				MTL_FAST_MATH = YES;
				SDKROOT = iphoneos;
				SWIFT_COMPILATION_MODE = wholemodule;
				SWIFT_OPTIMIZATION_LEVEL = "-O";
				VALIDATE_PRODUCT = YES;
			};
			name = Release;
		};
		F57453B927491A4A0034C393 /* Debug */ = {
			isa = XCBuildConfiguration;
			baseConfigurationReference = CED57A8835E768C0660C961F /* Pods-HockeyApp.debug.xcconfig */;
			buildSettings = {
				ASSETCATALOG_COMPILER_APPICON_NAME = AppIcon;
				ASSETCATALOG_COMPILER_GLOBAL_ACCENT_COLOR_NAME = AccentColor;
				CODE_SIGN_STYLE = Automatic;
				DEVELOPMENT_TEAM = 6PXD6WC3AQ;
				INFOPLIST_FILE = HockeyApp/Info.plist;
				LD_RUNPATH_SEARCH_PATHS = (
					"$(inherited)",
					"@executable_path/Frameworks",
				);
				OTHER_CODE_SIGN_FLAGS = "--generate-entitlement-der";
				PRODUCT_BUNDLE_IDENTIFIER = "-.HockeyApp";
				PRODUCT_NAME = "$(TARGET_NAME)";
				SWIFT_VERSION = 5.0;
				TARGETED_DEVICE_FAMILY = "1,2";
			};
			name = Debug;
		};
		F57453BA27491A4A0034C393 /* Release */ = {
			isa = XCBuildConfiguration;
			baseConfigurationReference = F518DD2D0851C812D49D3FE6 /* Pods-HockeyApp.release.xcconfig */;
			buildSettings = {
				ASSETCATALOG_COMPILER_APPICON_NAME = AppIcon;
				ASSETCATALOG_COMPILER_GLOBAL_ACCENT_COLOR_NAME = AccentColor;
				CODE_SIGN_STYLE = Automatic;
				DEVELOPMENT_TEAM = 6PXD6WC3AQ;
				INFOPLIST_FILE = HockeyApp/Info.plist;
				LD_RUNPATH_SEARCH_PATHS = (
					"$(inherited)",
					"@executable_path/Frameworks",
				);
				OTHER_CODE_SIGN_FLAGS = "--generate-entitlement-der";
				PRODUCT_BUNDLE_IDENTIFIER = "-.HockeyApp";
				PRODUCT_NAME = "$(TARGET_NAME)";
				SWIFT_VERSION = 5.0;
				TARGETED_DEVICE_FAMILY = "1,2";
			};
			name = Release;
		};
/* End XCBuildConfiguration section */

/* Begin XCConfigurationList section */
		F574539C27491A460034C393 /* Build configuration list for PBXProject "HockeyApp" */ = {
			isa = XCConfigurationList;
			buildConfigurations = (
				F57453B627491A4A0034C393 /* Debug */,
				F57453B727491A4A0034C393 /* Release */,
			);
			defaultConfigurationIsVisible = 0;
			defaultConfigurationName = Release;
		};
		F57453B827491A4A0034C393 /* Build configuration list for PBXNativeTarget "HockeyApp" */ = {
			isa = XCConfigurationList;
			buildConfigurations = (
				F57453B927491A4A0034C393 /* Debug */,
				F57453BA27491A4A0034C393 /* Release */,
			);
			defaultConfigurationIsVisible = 0;
			defaultConfigurationName = Release;
		};
/* End XCConfigurationList section */

/* Begin XCVersionGroup section */
		F57453AD27491A460034C393 /* HockeyApp.xcdatamodeld */ = {
			isa = XCVersionGroup;
			children = (
				F57453AE27491A460034C393 /* HockeyApp.xcdatamodel */,
			);
			currentVersion = F57453AE27491A460034C393 /* HockeyApp.xcdatamodel */;
			path = HockeyApp.xcdatamodeld;
			sourceTree = "<group>";
			versionGroupType = wrapper.xcdatamodel;
		};
/* End XCVersionGroup section */
	};
	rootObject = F574539927491A460034C393 /* Project object */;
}
